
Microsoft Visual Studio Solution File, Format Version 12.00
# Visual Studio Version 16
VisualStudioVersion = 16.0.30503.244
MinimumVisualStudioVersion = 10.0.40219.1
Project("{9A19103F-16F7-4668-BE54-9A1E7A4F7556}") = "API Forecast 1.0", "src\API\API Forecast 1.0\API Forecast 1.0.csproj", "{6F8D4D43-1F95-4334-A7DE-3F54BE9441E5}"
EndProject
Global
	GlobalSection(SolutionConfigurationPlatforms) = preSolution
		Debug|Any CPU = Debug|Any CPU
		Release|Any CPU = Release|Any CPU
	EndGlobalSection
	GlobalSection(ProjectConfigurationPlatforms) = postSolution
		{6F8D4D43-1F95-4334-A7DE-3F54BE9441E5}.Debug|Any CPU.ActiveCfg = Debug|Any CPU
		{6F8D4D43-1F95-4334-A7DE-3F54BE9441E5}.Debug|Any CPU.Build.0 = Debug|Any CPU
		{6F8D4D43-1F95-4334-A7DE-3F54BE9441E5}.Release|Any CPU.ActiveCfg = Release|Any CPU
		{6F8D4D43-1F95-4334-A7DE-3F54BE9441E5}.Release|Any CPU.Build.0 = Release|Any CPU
	EndGlobalSection
	GlobalSection(SolutionProperties) = preSolution
		HideSolutionNode = FALSE
	EndGlobalSection
	GlobalSection(ExtensibilityGlobals) = postSolution
		SolutionGuid = {3FF751E4-9119-440F-ADBA-64EC5D4AE049}
	EndGlobalSection
EndGlobal
